PODS:
  - secux-paymentdevicekit (2.0.10)
  - secux-paymentkit-v2 (2.0.10):
    - secux-paymentdevicekit

DEPENDENCIES:
  - secux-paymentkit-v2 (from `../`)

SPEC REPOS:
  trunk:
    - secux-paymentdevicekit

EXTERNAL SOURCES:
  secux-paymentkit-v2:
    :path: "../"

SPEC CHECKSUMS:
  secux-paymentdevicekit: 331c0077ad98ff7015d5a6719c7edae0a8672095
  secux-paymentkit-v2: 6c0d91e92d04193be268a899b18730807c6390af

PODFILE CHECKSUM: ce09b42ec28f545b28eca545cf8cce727da5b46f

COCOAPODS: 1.10.0.beta.2
