PODS:
  - secux-paymentdevicekit (1.0.4)
  - secux-paymentkit-v2 (1.0.2):
    - secux-paymentdevicekit (~> 1.0.4)

DEPENDENCIES:
  - secux-paymentkit-v2 (from `../`)

SPEC REPOS:
  trunk:
    - secux-paymentdevicekit

EXTERNAL SOURCES:
  secux-paymentkit-v2:
    :path: "../"

SPEC CHECKSUMS:
  secux-paymentdevicekit: 88f58b26f33b6d8dee998ba8d9266b3ea1334d6b
  secux-paymentkit-v2: 01bd7b5910e2dc72a26617402a4482e52a29faeb

PODFILE CHECKSUM: fcc80ee7869f54ef81b321a0f18c3f7724e9c601

COCOAPODS: 1.9.1
